
Microsoft Visual Studio Solution File, Format Version 12.00
# Visual Studio Version 16
VisualStudioVersion = 16.0.30611.23
MinimumVisualStudioVersion = 10.0.40219.1
Project("{FAE04EC0-301F-11D3-BF4B-00C04F79EFBC}") = "FINAL", "FINAL\FINAL.csproj", "{91D1CC0E-DDFA-4B5A-AF50-601BE5F78BAE}"
EndProject
Global
	GlobalSection(SolutionConfigurationPlatforms) = preSolution
		Debug|Any CPU = Debug|Any CPU
		Release|Any CPU = Release|Any CPU
	EndGlobalSection
	GlobalSection(ProjectConfigurationPlatforms) = postSolution
		{91D1CC0E-DDFA-4B5A-AF50-601BE5F78BAE}.Debug|Any CPU.ActiveCfg = Debug|Any CPU
		{91D1CC0E-DDFA-4B5A-AF50-601BE5F78BAE}.Debug|Any CPU.Build.0 = Debug|Any CPU
		{91D1CC0E-DDFA-4B5A-AF50-601BE5F78BAE}.Release|Any CPU.ActiveCfg = Release|Any CPU
		{91D1CC0E-DDFA-4B5A-AF50-601BE5F78BAE}.Release|Any CPU.Build.0 = Release|Any CPU
	EndGlobalSection
	GlobalSection(SolutionProperties) = preSolution
		HideSolutionNode = FALSE
	EndGlobalSection
	GlobalSection(ExtensibilityGlobals) = postSolution
		SolutionGuid = {418562B9-B508-4892-8F0F-51129DE2C925}
	EndGlobalSection
EndGlobal
